
Microsoft Visual Studio Solution File, Format Version 12.00
# Visual Studio 14
VisualStudioVersion = 14.0.23107.0
MinimumVisualStudioVersion = 10.0.40219.1
Project("{FAE04EC0-301F-11D3-BF4B-00C04F79EFBC}") = "Skoczek", "Skoczek\Skoczek.csproj", "{8FFEE913-D149-48B3-AFE0-DCB5A27EE1E2}"
EndProject
Project("{2150E333-8FDC-42A3-9474-1A3956D46DE8}") = "Implementacje", "Implementacje", "{57104157-38B5-4EE5-9D55-B3E342071996}"
EndProject
Project("{2150E333-8FDC-42A3-9474-1A3956D46DE8}") = "Interfejsy", "Interfejsy", "{6A045A69-81E4-4D64-81F5-399115E08969}"
EndProject
Project("{FAE04EC0-301F-11D3-BF4B-00C04F79EFBC}") = "SkoczekCLI", "SkoczekCLI\SkoczekCLI.csproj", "{CDE0735B-85A2-4F53-8388-5C98EA832EC3}"
EndProject
Project("{FAE04EC0-301F-11D3-BF4B-00C04F79EFBC}") = "Problem8Hetmanow", "Problem8Hetmanow\Problem8Hetmanow.csproj", "{FB310580-C887-4014-AC22-4DFF864D0CED}"
EndProject
Project("{FAE04EC0-301F-11D3-BF4B-00C04F79EFBC}") = "8HetmanowCLI", "8HetmanowCLI\8HetmanowCLI.csproj", "{DE17A4BA-C981-4CE9-B1A9-693BF9C2A84B}"
EndProject
Project("{FAE04EC0-301F-11D3-BF4B-00C04F79EFBC}") = "MechanizmHaszowania", "Hasz\MechanizmHaszowania.csproj", "{E0BF8F7B-B066-4FF8-86DA-7C9F172F2F8F}"
EndProject
Project("{FAE04EC0-301F-11D3-BF4B-00C04F79EFBC}") = "HaszCLI", "HaszCLI\HaszCLI.csproj", "{792EDDBD-08BE-4151-A98A-AB1A2893DCA5}"
EndProject
Global
	GlobalSection(SolutionConfigurationPlatforms) = preSolution
		Debug|Any CPU = Debug|Any CPU
		Release|Any CPU = Release|Any CPU
	EndGlobalSection
	GlobalSection(ProjectConfigurationPlatforms) = postSolution
		{8FFEE913-D149-48B3-AFE0-DCB5A27EE1E2}.Debug|Any CPU.ActiveCfg = Debug|Any CPU
		{8FFEE913-D149-48B3-AFE0-DCB5A27EE1E2}.Debug|Any CPU.Build.0 = Debug|Any CPU
		{8FFEE913-D149-48B3-AFE0-DCB5A27EE1E2}.Release|Any CPU.ActiveCfg = Release|Any CPU
		{8FFEE913-D149-48B3-AFE0-DCB5A27EE1E2}.Release|Any CPU.Build.0 = Release|Any CPU
		{CDE0735B-85A2-4F53-8388-5C98EA832EC3}.Debug|Any CPU.ActiveCfg = Debug|Any CPU
		{CDE0735B-85A2-4F53-8388-5C98EA832EC3}.Debug|Any CPU.Build.0 = Debug|Any CPU
		{CDE0735B-85A2-4F53-8388-5C98EA832EC3}.Release|Any CPU.ActiveCfg = Release|Any CPU
		{CDE0735B-85A2-4F53-8388-5C98EA832EC3}.Release|Any CPU.Build.0 = Release|Any CPU
		{FB310580-C887-4014-AC22-4DFF864D0CED}.Debug|Any CPU.ActiveCfg = Debug|Any CPU
		{FB310580-C887-4014-AC22-4DFF864D0CED}.Debug|Any CPU.Build.0 = Debug|Any CPU
		{FB310580-C887-4014-AC22-4DFF864D0CED}.Release|Any CPU.ActiveCfg = Release|Any CPU
		{FB310580-C887-4014-AC22-4DFF864D0CED}.Release|Any CPU.Build.0 = Release|Any CPU
		{DE17A4BA-C981-4CE9-B1A9-693BF9C2A84B}.Debug|Any CPU.ActiveCfg = Debug|Any CPU
		{DE17A4BA-C981-4CE9-B1A9-693BF9C2A84B}.Debug|Any CPU.Build.0 = Debug|Any CPU
		{DE17A4BA-C981-4CE9-B1A9-693BF9C2A84B}.Release|Any CPU.ActiveCfg = Release|Any CPU
		{DE17A4BA-C981-4CE9-B1A9-693BF9C2A84B}.Release|Any CPU.Build.0 = Release|Any CPU
		{E0BF8F7B-B066-4FF8-86DA-7C9F172F2F8F}.Debug|Any CPU.ActiveCfg = Debug|Any CPU
		{E0BF8F7B-B066-4FF8-86DA-7C9F172F2F8F}.Debug|Any CPU.Build.0 = Debug|Any CPU
		{E0BF8F7B-B066-4FF8-86DA-7C9F172F2F8F}.Release|Any CPU.ActiveCfg = Release|Any CPU
		{E0BF8F7B-B066-4FF8-86DA-7C9F172F2F8F}.Release|Any CPU.Build.0 = Release|Any CPU
		{792EDDBD-08BE-4151-A98A-AB1A2893DCA5}.Debug|Any CPU.ActiveCfg = Debug|Any CPU
		{792EDDBD-08BE-4151-A98A-AB1A2893DCA5}.Debug|Any CPU.Build.0 = Debug|Any CPU
		{792EDDBD-08BE-4151-A98A-AB1A2893DCA5}.Release|Any CPU.ActiveCfg = Release|Any CPU
		{792EDDBD-08BE-4151-A98A-AB1A2893DCA5}.Release|Any CPU.Build.0 = Release|Any CPU
	EndGlobalSection
	GlobalSection(SolutionProperties) = preSolution
		HideSolutionNode = FALSE
	EndGlobalSection
	GlobalSection(NestedProjects) = preSolution
		{8FFEE913-D149-48B3-AFE0-DCB5A27EE1E2} = {57104157-38B5-4EE5-9D55-B3E342071996}
		{CDE0735B-85A2-4F53-8388-5C98EA832EC3} = {6A045A69-81E4-4D64-81F5-399115E08969}
		{FB310580-C887-4014-AC22-4DFF864D0CED} = {57104157-38B5-4EE5-9D55-B3E342071996}
		{DE17A4BA-C981-4CE9-B1A9-693BF9C2A84B} = {6A045A69-81E4-4D64-81F5-399115E08969}
		{E0BF8F7B-B066-4FF8-86DA-7C9F172F2F8F} = {57104157-38B5-4EE5-9D55-B3E342071996}
		{792EDDBD-08BE-4151-A98A-AB1A2893DCA5} = {6A045A69-81E4-4D64-81F5-399115E08969}
	EndGlobalSection
EndGlobal
