
Microsoft Visual Studio Solution File, Format Version 12.00
# Visual Studio 14
VisualStudioVersion = 14.0.25420.1
MinimumVisualStudioVersion = 10.0.40219.1
Project("{FAE04EC0-301F-11D3-BF4B-00C04F79EFBC}") = "Skoczek", "Skoczek\Skoczek.csproj", "{8FFEE913-D149-48B3-AFE0-DCB5A27EE1E2}"
EndProject
Project("{2150E333-8FDC-42A3-9474-1A3956D46DE8}") = "Implementacje", "Implementacje", "{57104157-38B5-4EE5-9D55-B3E342071996}"
EndProject
Project("{2150E333-8FDC-42A3-9474-1A3956D46DE8}") = "Interfejsy", "Interfejsy", "{6A045A69-81E4-4D64-81F5-399115E08969}"
EndProject
Project("{FAE04EC0-301F-11D3-BF4B-00C04F79EFBC}") = "SkoczekCLI", "SkoczekCLI\SkoczekCLI.csproj", "{CDE0735B-85A2-4F53-8388-5C98EA832EC3}"
EndProject
Project("{FAE04EC0-301F-11D3-BF4B-00C04F79EFBC}") = "Problem8Hetmanow", "Problem8Hetmanow\Problem8Hetmanow.csproj", "{FB310580-C887-4014-AC22-4DFF864D0CED}"
EndProject
Project("{FAE04EC0-301F-11D3-BF4B-00C04F79EFBC}") = "8HetmanowCLI", "8HetmanowCLI\8HetmanowCLI.csproj", "{DE17A4BA-C981-4CE9-B1A9-693BF9C2A84B}"
EndProject
Project("{FAE04EC0-301F-11D3-BF4B-00C04F79EFBC}") = "MechanizmHaszowania", "Hasz\MechanizmHaszowania.csproj", "{E0BF8F7B-B066-4FF8-86DA-7C9F172F2F8F}"
EndProject
Project("{FAE04EC0-301F-11D3-BF4B-00C04F79EFBC}") = "HaszCLI", "HaszCLI\HaszCLI.csproj", "{792EDDBD-08BE-4151-A98A-AB1A2893DCA5}"
EndProject
Project("{2150E333-8FDC-42A3-9474-1A3956D46DE8}") = "Dodatkowe", "Dodatkowe", "{9215F404-9723-4269-A532-EBF11A99C32C}"
EndProject
Project("{FAE04EC0-301F-11D3-BF4B-00C04F79EFBC}") = "KonsolaDlaHasz", "KonsolaDlaHasz\KonsolaDlaHasz.csproj", "{4C0BF26D-517D-466B-AA5C-395C15636B27}"
EndProject
Project("{FAE04EC0-301F-11D3-BF4B-00C04F79EFBC}") = "StrukturyDanych", "StrukturyDanych\StrukturyDanych.csproj", "{18E0BAD1-0640-4E95-B092-7ACA51C25E29}"
EndProject
Project("{FAE04EC0-301F-11D3-BF4B-00C04F79EFBC}") = "Zbiory", "Zbiory\Zbiory.csproj", "{95BA7998-7C1C-407F-8727-17592674D56F}"
EndProject
Project("{FAE04EC0-301F-11D3-BF4B-00C04F79EFBC}") = "ZbioryCLI", "ZbioryCLI\ZbioryCLI.csproj", "{D2C3C5F9-5DF1-4E80-8EB6-BA3633F0255E}"
EndProject
Project("{FAE04EC0-301F-11D3-BF4B-00C04F79EFBC}") = "ParserWyrazenLogicznych", "ParserWyrazenLogicznych\ParserWyrazenLogicznych.csproj", "{E9E1EE83-8256-413E-949F-6751593497AC}"
EndProject
Project("{2150E333-8FDC-42A3-9474-1A3956D46DE8}") = "Testy", "Testy", "{8B824E87-4F51-4C0F-8F73-D9236329676C}"
EndProject
Project("{FAE04EC0-301F-11D3-BF4B-00C04F79EFBC}") = "ParserWLTest", "ParserWLTest\ParserWLTest.csproj", "{CFB1B0D0-5720-4483-9326-71CAB7DC6D44}"
EndProject
Project("{FAE04EC0-301F-11D3-BF4B-00C04F79EFBC}") = "RegulyLogiczne", "RegulyLogiczne\RegulyLogiczne.csproj", "{AB098A62-3F83-40FF-9EC3-F1C22639C479}"
EndProject
Project("{FAE04EC0-301F-11D3-BF4B-00C04F79EFBC}") = "Problem2CNFCLI", "Problem2CNFCLI\Problem2CNFCLI.csproj", "{A46FDE4F-097E-4362-A13D-0516C532A74C}"
EndProject
Project("{FAE04EC0-301F-11D3-BF4B-00C04F79EFBC}") = "MaksymalnyPrzeplyw", "MaksymalnyPrzeplyw\MaksymalnyPrzeplyw.csproj", "{70054446-BC99-41F4-8A60-2840B5A57415}"
EndProject
Project("{FAE04EC0-301F-11D3-BF4B-00C04F79EFBC}") = "MPrzeplywCLI", "MPrzeplywCLI\MPrzeplywCLI.csproj", "{81034B00-3CEE-4DCF-9C61-760298B9CACD}"
EndProject
Project("{FAE04EC0-301F-11D3-BF4B-00C04F79EFBC}") = "AlgorytmyWeryfikacyjne", "AlgorytmyWeryfikacyjne\AlgorytmyWeryfikacyjne.csproj", "{62C8A042-2275-426F-83EF-BC8D85BC8DF2}"
EndProject
Project("{FAE04EC0-301F-11D3-BF4B-00C04F79EFBC}") = "MPrzeplywForms", "MPrzeplywForms\MPrzeplywForms.csproj", "{2A3B7C57-5B7B-4001-9823-2AE5C1B5B15A}"
EndProject
Project("{FAE04EC0-301F-11D3-BF4B-00C04F79EFBC}") = "SilnieSpojneSkladowe", "SilnieSpojneSkladowe\SilnieSpojneSkladowe.csproj", "{11AD18C3-E720-457F-BB5B-D1B942825F58}"
EndProject
Project("{FAE04EC0-301F-11D3-BF4B-00C04F79EFBC}") = "Saper", "Saper\Saper.csproj", "{076F0A3B-C651-4E03-AF14-2BE4D146420B}"
EndProject
Project("{FAE04EC0-301F-11D3-BF4B-00C04F79EFBC}") = "MST", "MST\MST.csproj", "{9D290863-AAC7-470E-A4C2-D596431A9FF1}"
EndProject
Project("{FAE04EC0-301F-11D3-BF4B-00C04F79EFBC}") = "TranzytywneDomkniecie", "TranzytywneDomkniecie\TranzytywneDomkniecie.csproj", "{E201E5E0-1B70-47C7-8DE4-94BFD512EE3B}"
EndProject
Project("{FAE04EC0-301F-11D3-BF4B-00C04F79EFBC}") = "TranDomGrafCLI", "TranDomGrafCLI\TranDomGrafCLI.csproj", "{D2047380-0639-4237-B881-72C60FF2EEE6}"
EndProject
Project("{FAE04EC0-301F-11D3-BF4B-00C04F79EFBC}") = "TranzytywnaRedukcja", "TranzytywnaRedukcja\TranzytywnaRedukcja.csproj", "{2C6715F0-E38B-48FF-BB68-E13CA8705D6E}"
EndProject
Project("{FAE04EC0-301F-11D3-BF4B-00C04F79EFBC}") = "TranRedGrafCLI", "TranRedGrafCLI\TranRedGrafCLI.csproj", "{D41927A8-AF14-473F-88A3-310BE366884B}"
EndProject
Project("{FAE04EC0-301F-11D3-BF4B-00C04F79EFBC}") = "WeryfikacjaGrafHamiltonaCLI", "WeryfikacjaGrafHamiltonaCLI\WeryfikacjaGrafHamiltonaCLI.csproj", "{7D3DDA70-4C81-48C0-A4F6-A70CB9D38D58}"
EndProject
Project("{FAE04EC0-301F-11D3-BF4B-00C04F79EFBC}") = "DrzewaSufiksowe", "DrzewaSufiksowe\DrzewaSufiksowe.csproj", "{B0B74C41-A80F-4A79-BCD2-D747E06E5011}"
EndProject
Project("{FAE04EC0-301F-11D3-BF4B-00C04F79EFBC}") = "DrzewaSufiksoweCLI", "DrzewaSufiksoweCLI\DrzewaSufiksoweCLI.csproj", "{34E841A5-D323-454C-8D69-E8386EA843AF}"
EndProject
Global
	GlobalSection(SolutionConfigurationPlatforms) = preSolution
		Debug|Any CPU = Debug|Any CPU
		Release|Any CPU = Release|Any CPU
	EndGlobalSection
	GlobalSection(ProjectConfigurationPlatforms) = postSolution
		{8FFEE913-D149-48B3-AFE0-DCB5A27EE1E2}.Debug|Any CPU.ActiveCfg = Debug|Any CPU
		{8FFEE913-D149-48B3-AFE0-DCB5A27EE1E2}.Debug|Any CPU.Build.0 = Debug|Any CPU
		{8FFEE913-D149-48B3-AFE0-DCB5A27EE1E2}.Release|Any CPU.ActiveCfg = Release|Any CPU
		{8FFEE913-D149-48B3-AFE0-DCB5A27EE1E2}.Release|Any CPU.Build.0 = Release|Any CPU
		{CDE0735B-85A2-4F53-8388-5C98EA832EC3}.Debug|Any CPU.ActiveCfg = Debug|Any CPU
		{CDE0735B-85A2-4F53-8388-5C98EA832EC3}.Debug|Any CPU.Build.0 = Debug|Any CPU
		{CDE0735B-85A2-4F53-8388-5C98EA832EC3}.Release|Any CPU.ActiveCfg = Release|Any CPU
		{CDE0735B-85A2-4F53-8388-5C98EA832EC3}.Release|Any CPU.Build.0 = Release|Any CPU
		{FB310580-C887-4014-AC22-4DFF864D0CED}.Debug|Any CPU.ActiveCfg = Debug|Any CPU
		{FB310580-C887-4014-AC22-4DFF864D0CED}.Debug|Any CPU.Build.0 = Debug|Any CPU
		{FB310580-C887-4014-AC22-4DFF864D0CED}.Release|Any CPU.ActiveCfg = Release|Any CPU
		{FB310580-C887-4014-AC22-4DFF864D0CED}.Release|Any CPU.Build.0 = Release|Any CPU
		{DE17A4BA-C981-4CE9-B1A9-693BF9C2A84B}.Debug|Any CPU.ActiveCfg = Debug|Any CPU
		{DE17A4BA-C981-4CE9-B1A9-693BF9C2A84B}.Debug|Any CPU.Build.0 = Debug|Any CPU
		{DE17A4BA-C981-4CE9-B1A9-693BF9C2A84B}.Release|Any CPU.ActiveCfg = Release|Any CPU
		{DE17A4BA-C981-4CE9-B1A9-693BF9C2A84B}.Release|Any CPU.Build.0 = Release|Any CPU
		{E0BF8F7B-B066-4FF8-86DA-7C9F172F2F8F}.Debug|Any CPU.ActiveCfg = Debug|Any CPU
		{E0BF8F7B-B066-4FF8-86DA-7C9F172F2F8F}.Debug|Any CPU.Build.0 = Debug|Any CPU
		{E0BF8F7B-B066-4FF8-86DA-7C9F172F2F8F}.Release|Any CPU.ActiveCfg = Release|Any CPU
		{E0BF8F7B-B066-4FF8-86DA-7C9F172F2F8F}.Release|Any CPU.Build.0 = Release|Any CPU
		{792EDDBD-08BE-4151-A98A-AB1A2893DCA5}.Debug|Any CPU.ActiveCfg = Debug|Any CPU
		{792EDDBD-08BE-4151-A98A-AB1A2893DCA5}.Debug|Any CPU.Build.0 = Debug|Any CPU
		{792EDDBD-08BE-4151-A98A-AB1A2893DCA5}.Release|Any CPU.ActiveCfg = Release|Any CPU
		{792EDDBD-08BE-4151-A98A-AB1A2893DCA5}.Release|Any CPU.Build.0 = Release|Any CPU
		{4C0BF26D-517D-466B-AA5C-395C15636B27}.Debug|Any CPU.ActiveCfg = Debug|Any CPU
		{4C0BF26D-517D-466B-AA5C-395C15636B27}.Debug|Any CPU.Build.0 = Debug|Any CPU
		{4C0BF26D-517D-466B-AA5C-395C15636B27}.Release|Any CPU.ActiveCfg = Release|Any CPU
		{4C0BF26D-517D-466B-AA5C-395C15636B27}.Release|Any CPU.Build.0 = Release|Any CPU
		{18E0BAD1-0640-4E95-B092-7ACA51C25E29}.Debug|Any CPU.ActiveCfg = Debug|Any CPU
		{18E0BAD1-0640-4E95-B092-7ACA51C25E29}.Debug|Any CPU.Build.0 = Debug|Any CPU
		{18E0BAD1-0640-4E95-B092-7ACA51C25E29}.Release|Any CPU.ActiveCfg = Release|Any CPU
		{18E0BAD1-0640-4E95-B092-7ACA51C25E29}.Release|Any CPU.Build.0 = Release|Any CPU
		{95BA7998-7C1C-407F-8727-17592674D56F}.Debug|Any CPU.ActiveCfg = Debug|Any CPU
		{95BA7998-7C1C-407F-8727-17592674D56F}.Debug|Any CPU.Build.0 = Debug|Any CPU
		{95BA7998-7C1C-407F-8727-17592674D56F}.Release|Any CPU.ActiveCfg = Release|Any CPU
		{95BA7998-7C1C-407F-8727-17592674D56F}.Release|Any CPU.Build.0 = Release|Any CPU
		{D2C3C5F9-5DF1-4E80-8EB6-BA3633F0255E}.Debug|Any CPU.ActiveCfg = Debug|Any CPU
		{D2C3C5F9-5DF1-4E80-8EB6-BA3633F0255E}.Debug|Any CPU.Build.0 = Debug|Any CPU
		{D2C3C5F9-5DF1-4E80-8EB6-BA3633F0255E}.Release|Any CPU.ActiveCfg = Release|Any CPU
		{D2C3C5F9-5DF1-4E80-8EB6-BA3633F0255E}.Release|Any CPU.Build.0 = Release|Any CPU
		{E9E1EE83-8256-413E-949F-6751593497AC}.Debug|Any CPU.ActiveCfg = Debug|Any CPU
		{E9E1EE83-8256-413E-949F-6751593497AC}.Debug|Any CPU.Build.0 = Debug|Any CPU
		{E9E1EE83-8256-413E-949F-6751593497AC}.Release|Any CPU.ActiveCfg = Release|Any CPU
		{E9E1EE83-8256-413E-949F-6751593497AC}.Release|Any CPU.Build.0 = Release|Any CPU
		{CFB1B0D0-5720-4483-9326-71CAB7DC6D44}.Debug|Any CPU.ActiveCfg = Debug|Any CPU
		{CFB1B0D0-5720-4483-9326-71CAB7DC6D44}.Debug|Any CPU.Build.0 = Debug|Any CPU
		{CFB1B0D0-5720-4483-9326-71CAB7DC6D44}.Release|Any CPU.ActiveCfg = Release|Any CPU
		{CFB1B0D0-5720-4483-9326-71CAB7DC6D44}.Release|Any CPU.Build.0 = Release|Any CPU
		{AB098A62-3F83-40FF-9EC3-F1C22639C479}.Debug|Any CPU.ActiveCfg = Debug|Any CPU
		{AB098A62-3F83-40FF-9EC3-F1C22639C479}.Debug|Any CPU.Build.0 = Debug|Any CPU
		{AB098A62-3F83-40FF-9EC3-F1C22639C479}.Release|Any CPU.ActiveCfg = Release|Any CPU
		{AB098A62-3F83-40FF-9EC3-F1C22639C479}.Release|Any CPU.Build.0 = Release|Any CPU
		{A46FDE4F-097E-4362-A13D-0516C532A74C}.Debug|Any CPU.ActiveCfg = Debug|Any CPU
		{A46FDE4F-097E-4362-A13D-0516C532A74C}.Debug|Any CPU.Build.0 = Debug|Any CPU
		{A46FDE4F-097E-4362-A13D-0516C532A74C}.Release|Any CPU.ActiveCfg = Release|Any CPU
		{A46FDE4F-097E-4362-A13D-0516C532A74C}.Release|Any CPU.Build.0 = Release|Any CPU
		{70054446-BC99-41F4-8A60-2840B5A57415}.Debug|Any CPU.ActiveCfg = Debug|Any CPU
		{70054446-BC99-41F4-8A60-2840B5A57415}.Debug|Any CPU.Build.0 = Debug|Any CPU
		{70054446-BC99-41F4-8A60-2840B5A57415}.Release|Any CPU.ActiveCfg = Release|Any CPU
		{70054446-BC99-41F4-8A60-2840B5A57415}.Release|Any CPU.Build.0 = Release|Any CPU
		{81034B00-3CEE-4DCF-9C61-760298B9CACD}.Debug|Any CPU.ActiveCfg = Debug|Any CPU
		{81034B00-3CEE-4DCF-9C61-760298B9CACD}.Debug|Any CPU.Build.0 = Debug|Any CPU
		{81034B00-3CEE-4DCF-9C61-760298B9CACD}.Release|Any CPU.ActiveCfg = Release|Any CPU
		{81034B00-3CEE-4DCF-9C61-760298B9CACD}.Release|Any CPU.Build.0 = Release|Any CPU
		{62C8A042-2275-426F-83EF-BC8D85BC8DF2}.Debug|Any CPU.ActiveCfg = Debug|Any CPU
		{62C8A042-2275-426F-83EF-BC8D85BC8DF2}.Debug|Any CPU.Build.0 = Debug|Any CPU
		{62C8A042-2275-426F-83EF-BC8D85BC8DF2}.Release|Any CPU.ActiveCfg = Release|Any CPU
		{62C8A042-2275-426F-83EF-BC8D85BC8DF2}.Release|Any CPU.Build.0 = Release|Any CPU
		{2A3B7C57-5B7B-4001-9823-2AE5C1B5B15A}.Debug|Any CPU.ActiveCfg = Debug|Any CPU
		{2A3B7C57-5B7B-4001-9823-2AE5C1B5B15A}.Debug|Any CPU.Build.0 = Debug|Any CPU
		{2A3B7C57-5B7B-4001-9823-2AE5C1B5B15A}.Release|Any CPU.ActiveCfg = Release|Any CPU
		{2A3B7C57-5B7B-4001-9823-2AE5C1B5B15A}.Release|Any CPU.Build.0 = Release|Any CPU
		{11AD18C3-E720-457F-BB5B-D1B942825F58}.Debug|Any CPU.ActiveCfg = Debug|Any CPU
		{11AD18C3-E720-457F-BB5B-D1B942825F58}.Debug|Any CPU.Build.0 = Debug|Any CPU
		{11AD18C3-E720-457F-BB5B-D1B942825F58}.Release|Any CPU.ActiveCfg = Release|Any CPU
		{11AD18C3-E720-457F-BB5B-D1B942825F58}.Release|Any CPU.Build.0 = Release|Any CPU
		{076F0A3B-C651-4E03-AF14-2BE4D146420B}.Debug|Any CPU.ActiveCfg = Debug|Any CPU
		{076F0A3B-C651-4E03-AF14-2BE4D146420B}.Debug|Any CPU.Build.0 = Debug|Any CPU
		{076F0A3B-C651-4E03-AF14-2BE4D146420B}.Release|Any CPU.ActiveCfg = Release|Any CPU
		{076F0A3B-C651-4E03-AF14-2BE4D146420B}.Release|Any CPU.Build.0 = Release|Any CPU
		{9D290863-AAC7-470E-A4C2-D596431A9FF1}.Debug|Any CPU.ActiveCfg = Debug|Any CPU
		{9D290863-AAC7-470E-A4C2-D596431A9FF1}.Debug|Any CPU.Build.0 = Debug|Any CPU
		{9D290863-AAC7-470E-A4C2-D596431A9FF1}.Release|Any CPU.ActiveCfg = Release|Any CPU
		{9D290863-AAC7-470E-A4C2-D596431A9FF1}.Release|Any CPU.Build.0 = Release|Any CPU
		{E201E5E0-1B70-47C7-8DE4-94BFD512EE3B}.Debug|Any CPU.ActiveCfg = Debug|Any CPU
		{E201E5E0-1B70-47C7-8DE4-94BFD512EE3B}.Debug|Any CPU.Build.0 = Debug|Any CPU
		{E201E5E0-1B70-47C7-8DE4-94BFD512EE3B}.Release|Any CPU.ActiveCfg = Release|Any CPU
		{E201E5E0-1B70-47C7-8DE4-94BFD512EE3B}.Release|Any CPU.Build.0 = Release|Any CPU
		{D2047380-0639-4237-B881-72C60FF2EEE6}.Debug|Any CPU.ActiveCfg = Debug|Any CPU
		{D2047380-0639-4237-B881-72C60FF2EEE6}.Debug|Any CPU.Build.0 = Debug|Any CPU
		{D2047380-0639-4237-B881-72C60FF2EEE6}.Release|Any CPU.ActiveCfg = Release|Any CPU
		{D2047380-0639-4237-B881-72C60FF2EEE6}.Release|Any CPU.Build.0 = Release|Any CPU
		{2C6715F0-E38B-48FF-BB68-E13CA8705D6E}.Debug|Any CPU.ActiveCfg = Debug|Any CPU
		{2C6715F0-E38B-48FF-BB68-E13CA8705D6E}.Debug|Any CPU.Build.0 = Debug|Any CPU
		{2C6715F0-E38B-48FF-BB68-E13CA8705D6E}.Release|Any CPU.ActiveCfg = Release|Any CPU
		{2C6715F0-E38B-48FF-BB68-E13CA8705D6E}.Release|Any CPU.Build.0 = Release|Any CPU
		{D41927A8-AF14-473F-88A3-310BE366884B}.Debug|Any CPU.ActiveCfg = Debug|Any CPU
		{D41927A8-AF14-473F-88A3-310BE366884B}.Debug|Any CPU.Build.0 = Debug|Any CPU
		{D41927A8-AF14-473F-88A3-310BE366884B}.Release|Any CPU.ActiveCfg = Release|Any CPU
		{D41927A8-AF14-473F-88A3-310BE366884B}.Release|Any CPU.Build.0 = Release|Any CPU
		{7D3DDA70-4C81-48C0-A4F6-A70CB9D38D58}.Debug|Any CPU.ActiveCfg = Debug|Any CPU
		{7D3DDA70-4C81-48C0-A4F6-A70CB9D38D58}.Debug|Any CPU.Build.0 = Debug|Any CPU
		{7D3DDA70-4C81-48C0-A4F6-A70CB9D38D58}.Release|Any CPU.ActiveCfg = Release|Any CPU
		{7D3DDA70-4C81-48C0-A4F6-A70CB9D38D58}.Release|Any CPU.Build.0 = Release|Any CPU
		{B0B74C41-A80F-4A79-BCD2-D747E06E5011}.Debug|Any CPU.ActiveCfg = Debug|Any CPU
		{B0B74C41-A80F-4A79-BCD2-D747E06E5011}.Debug|Any CPU.Build.0 = Debug|Any CPU
		{B0B74C41-A80F-4A79-BCD2-D747E06E5011}.Release|Any CPU.ActiveCfg = Release|Any CPU
		{B0B74C41-A80F-4A79-BCD2-D747E06E5011}.Release|Any CPU.Build.0 = Release|Any CPU
		{34E841A5-D323-454C-8D69-E8386EA843AF}.Debug|Any CPU.ActiveCfg = Debug|Any CPU
		{34E841A5-D323-454C-8D69-E8386EA843AF}.Debug|Any CPU.Build.0 = Debug|Any CPU
		{34E841A5-D323-454C-8D69-E8386EA843AF}.Release|Any CPU.ActiveCfg = Release|Any CPU
		{34E841A5-D323-454C-8D69-E8386EA843AF}.Release|Any CPU.Build.0 = Release|Any CPU
	EndGlobalSection
	GlobalSection(SolutionProperties) = preSolution
		HideSolutionNode = FALSE
	EndGlobalSection
	GlobalSection(NestedProjects) = preSolution
		{8FFEE913-D149-48B3-AFE0-DCB5A27EE1E2} = {57104157-38B5-4EE5-9D55-B3E342071996}
		{CDE0735B-85A2-4F53-8388-5C98EA832EC3} = {6A045A69-81E4-4D64-81F5-399115E08969}
		{FB310580-C887-4014-AC22-4DFF864D0CED} = {57104157-38B5-4EE5-9D55-B3E342071996}
		{DE17A4BA-C981-4CE9-B1A9-693BF9C2A84B} = {6A045A69-81E4-4D64-81F5-399115E08969}
		{E0BF8F7B-B066-4FF8-86DA-7C9F172F2F8F} = {57104157-38B5-4EE5-9D55-B3E342071996}
		{792EDDBD-08BE-4151-A98A-AB1A2893DCA5} = {6A045A69-81E4-4D64-81F5-399115E08969}
		{4C0BF26D-517D-466B-AA5C-395C15636B27} = {9215F404-9723-4269-A532-EBF11A99C32C}
		{18E0BAD1-0640-4E95-B092-7ACA51C25E29} = {9215F404-9723-4269-A532-EBF11A99C32C}
		{95BA7998-7C1C-407F-8727-17592674D56F} = {57104157-38B5-4EE5-9D55-B3E342071996}
		{D2C3C5F9-5DF1-4E80-8EB6-BA3633F0255E} = {6A045A69-81E4-4D64-81F5-399115E08969}
		{E9E1EE83-8256-413E-949F-6751593497AC} = {9215F404-9723-4269-A532-EBF11A99C32C}
		{CFB1B0D0-5720-4483-9326-71CAB7DC6D44} = {8B824E87-4F51-4C0F-8F73-D9236329676C}
		{AB098A62-3F83-40FF-9EC3-F1C22639C479} = {57104157-38B5-4EE5-9D55-B3E342071996}
		{A46FDE4F-097E-4362-A13D-0516C532A74C} = {6A045A69-81E4-4D64-81F5-399115E08969}
		{70054446-BC99-41F4-8A60-2840B5A57415} = {57104157-38B5-4EE5-9D55-B3E342071996}
		{81034B00-3CEE-4DCF-9C61-760298B9CACD} = {6A045A69-81E4-4D64-81F5-399115E08969}
		{62C8A042-2275-426F-83EF-BC8D85BC8DF2} = {57104157-38B5-4EE5-9D55-B3E342071996}
		{2A3B7C57-5B7B-4001-9823-2AE5C1B5B15A} = {6A045A69-81E4-4D64-81F5-399115E08969}
		{11AD18C3-E720-457F-BB5B-D1B942825F58} = {9215F404-9723-4269-A532-EBF11A99C32C}
		{076F0A3B-C651-4E03-AF14-2BE4D146420B} = {6A045A69-81E4-4D64-81F5-399115E08969}
		{9D290863-AAC7-470E-A4C2-D596431A9FF1} = {57104157-38B5-4EE5-9D55-B3E342071996}
		{E201E5E0-1B70-47C7-8DE4-94BFD512EE3B} = {57104157-38B5-4EE5-9D55-B3E342071996}
		{D2047380-0639-4237-B881-72C60FF2EEE6} = {6A045A69-81E4-4D64-81F5-399115E08969}
		{2C6715F0-E38B-48FF-BB68-E13CA8705D6E} = {57104157-38B5-4EE5-9D55-B3E342071996}
		{D41927A8-AF14-473F-88A3-310BE366884B} = {6A045A69-81E4-4D64-81F5-399115E08969}
		{7D3DDA70-4C81-48C0-A4F6-A70CB9D38D58} = {6A045A69-81E4-4D64-81F5-399115E08969}
		{B0B74C41-A80F-4A79-BCD2-D747E06E5011} = {57104157-38B5-4EE5-9D55-B3E342071996}
		{34E841A5-D323-454C-8D69-E8386EA843AF} = {6A045A69-81E4-4D64-81F5-399115E08969}
	EndGlobalSection
EndGlobal
